
Microsoft Visual Studio Solution File, Format Version 12.00
# Visual Studio Version 17
VisualStudioVersion = 17.7.34003.232
MinimumVisualStudioVersion = 10.0.40219.1
Project("{FAE04EC0-301F-11D3-BF4B-00C04F79EFBC}") = "Interfaces_Palmer_Justin", "Interfaces_Palmer_Justin.csproj", "{E338212C-CE17-4895-9EB0-8FD6D5ABF988}"
EndProject
Global
	GlobalSection(SolutionConfigurationPlatforms) = preSolution
		Debug|Any CPU = Debug|Any CPU
		Release|Any CPU = Release|Any CPU
	EndGlobalSection
	GlobalSection(ProjectConfigurationPlatforms) = postSolution
		{E338212C-CE17-4895-9EB0-8FD6D5ABF988}.Debug|Any CPU.ActiveCfg = Debug|Any CPU
		{E338212C-CE17-4895-9EB0-8FD6D5ABF988}.Debug|Any CPU.Build.0 = Debug|Any CPU
		{E338212C-CE17-4895-9EB0-8FD6D5ABF988}.Release|Any CPU.ActiveCfg = Release|Any CPU
		{E338212C-CE17-4895-9EB0-8FD6D5ABF988}.Release|Any CPU.Build.0 = Release|Any CPU
	EndGlobalSection
	GlobalSection(SolutionProperties) = preSolution
		HideSolutionNode = FALSE
	EndGlobalSection
	GlobalSection(ExtensibilityGlobals) = postSolution
		SolutionGuid = {C24E80BF-1952-45A7-9949-597896DA4D85}
	EndGlobalSection
EndGlobal
